{
  "name": "@edilec/svg-semantic-layout-auditor",
  "version": "0.1.0",
  "lockfileVersion": 3,
  "requires": true,
  "packages": {
    "": {
      "name": "@edilec/svg-semantic-layout-auditor",
      "version": "0.1.0",
      "license": "MIT",
      "bin": {
        "svg-semantic-layout-auditor": "src/cli.js"
      },
      "engines": {
        "node": ">=20"
      }
    }
  }
}
